
Microsoft Visual Studio Solution File, Format Version 12.00
# Visual Studio Version 17
VisualStudioVersion = 17.0.31903.59
MinimumVisualStudioVersion = 10.0.40219.1
Project("{2150E333-8FDC-42A3-9474-1A3956D46DE8}") = "src", "src", "{3A3AAC1D-78DA-4A11-991C-D99532794FB6}"
EndProject
Project("{FAE04EC0-301F-11D3-BF4B-00C04F79EFBC}") = "Fullstack.Core", "src\Fullstack.Core\Fullstack.Core.csproj", "{63759D36-A1BE-425D-9AAB-03C1C19FCD00}"
EndProject
Project("{FAE04EC0-301F-11D3-BF4B-00C04F79EFBC}") = "Fullstack.API", "src\Fullstack.API\Fullstack.API.csproj", "{42558CDA-5ACE-45EF-8207-8AFED8A7025D}"
EndProject
Global
	GlobalSection(SolutionConfigurationPlatforms) = preSolution
		Debug|Any CPU = Debug|Any CPU
		Release|Any CPU = Release|Any CPU
	EndGlobalSection
	GlobalSection(ProjectConfigurationPlatforms) = postSolution
		{63759D36-A1BE-425D-9AAB-03C1C19FCD00}.Debug|Any CPU.ActiveCfg = Debug|Any CPU
		{63759D36-A1BE-425D-9AAB-03C1C19FCD00}.Debug|Any CPU.Build.0 = Debug|Any CPU
		{63759D36-A1BE-425D-9AAB-03C1C19FCD00}.Release|Any CPU.ActiveCfg = Release|Any CPU
		{63759D36-A1BE-425D-9AAB-03C1C19FCD00}.Release|Any CPU.Build.0 = Release|Any CPU
		{42558CDA-5ACE-45EF-8207-8AFED8A7025D}.Debug|Any CPU.ActiveCfg = Debug|Any CPU
		{42558CDA-5ACE-45EF-8207-8AFED8A7025D}.Debug|Any CPU.Build.0 = Debug|Any CPU
		{42558CDA-5ACE-45EF-8207-8AFED8A7025D}.Release|Any CPU.ActiveCfg = Release|Any CPU
		{42558CDA-5ACE-45EF-8207-8AFED8A7025D}.Release|Any CPU.Build.0 = Release|Any CPU
	EndGlobalSection
	GlobalSection(SolutionProperties) = preSolution
		HideSolutionNode = FALSE
	EndGlobalSection
	GlobalSection(NestedProjects) = preSolution
		{63759D36-A1BE-425D-9AAB-03C1C19FCD00} = {3A3AAC1D-78DA-4A11-991C-D99532794FB6}
		{42558CDA-5ACE-45EF-8207-8AFED8A7025D} = {3A3AAC1D-78DA-4A11-991C-D99532794FB6}
	EndGlobalSection
EndGlobal
